
Microsoft Visual Studio Solution File, Format Version 12.00
# Visual Studio 15
VisualStudioVersion = 15.0.27703.2035
MinimumVisualStudioVersion = 10.0.40219.1
Project("{FAE04EC0-301F-11D3-BF4B-00C04F79EFBC}") = "FundMe", "FundMe\FundMe.csproj", "{1BB02D3B-6BA3-4427-8BA7-35EBFB7F4A40}"
EndProject
Global
	GlobalSection(SolutionConfigurationPlatforms) = preSolution
		Debug|Any CPU = Debug|Any CPU
		Release|Any CPU = Release|Any CPU
	EndGlobalSection
	GlobalSection(ProjectConfigurationPlatforms) = postSolution
		{1BB02D3B-6BA3-4427-8BA7-35EBFB7F4A40}.Debug|Any CPU.ActiveCfg = Debug|Any CPU
		{1BB02D3B-6BA3-4427-8BA7-35EBFB7F4A40}.Debug|Any CPU.Build.0 = Debug|Any CPU
		{1BB02D3B-6BA3-4427-8BA7-35EBFB7F4A40}.Release|Any CPU.ActiveCfg = Release|Any CPU
		{1BB02D3B-6BA3-4427-8BA7-35EBFB7F4A40}.Release|Any CPU.Build.0 = Release|Any CPU
	EndGlobalSection
	GlobalSection(SolutionProperties) = preSolution
		HideSolutionNode = FALSE
	EndGlobalSection
	GlobalSection(ExtensibilityGlobals) = postSolution
		SolutionGuid = {FA47C6B5-21D5-4294-95EE-2CD99C61DCA4}
	EndGlobalSection
EndGlobal
